
Microsoft Visual Studio Solution File, Format Version 12.00
# Visual Studio Version 17
VisualStudioVersion = 17.8.34408.163
MinimumVisualStudioVersion = 10.0.40219.1
Project("{FAE04EC0-301F-11D3-BF4B-00C04F79EFBC}") = "Bloggy_MVC", "Bloggy_MVC.csproj", "{1737AE66-2202-4F39-A1B2-07C1A0B54423}"
EndProject
Global
	GlobalSection(SolutionConfigurationPlatforms) = preSolution
		Debug|Any CPU = Debug|Any CPU
		Release|Any CPU = Release|Any CPU
	EndGlobalSection
	GlobalSection(ProjectConfigurationPlatforms) = postSolution
		{1737AE66-2202-4F39-A1B2-07C1A0B54423}.Debug|Any CPU.ActiveCfg = Debug|Any CPU
		{1737AE66-2202-4F39-A1B2-07C1A0B54423}.Debug|Any CPU.Build.0 = Debug|Any CPU
		{1737AE66-2202-4F39-A1B2-07C1A0B54423}.Release|Any CPU.ActiveCfg = Release|Any CPU
		{1737AE66-2202-4F39-A1B2-07C1A0B54423}.Release|Any CPU.Build.0 = Release|Any CPU
	EndGlobalSection
	GlobalSection(SolutionProperties) = preSolution
		HideSolutionNode = FALSE
	EndGlobalSection
	GlobalSection(ExtensibilityGlobals) = postSolution
		SolutionGuid = {B7868B61-2A63-4FA9-AB1B-8E763559250D}
	EndGlobalSection
EndGlobal
